{
  "name": "CRMforLogistics-message-center-presplit-runtime",
  "lockfileVersion": 3,
  "requires": true,
  "packages": {
    "": {
      "dependencies": {
        "@wecom/jssdk": "2.3.4"
      }
    },
    "node_modules/@wecom/jssdk": {
      "version": "2.3.4",
      "resolved": "https://registry.npmjs.org/@wecom/jssdk/-/jssdk-2.3.4.tgz",
      "integrity": "sha512-oLfuvwMBZCRRMowVi/JkKx/dLNGHCmmUbQfCYG7XGmHYbgkQJlAlack4jKBk+NVG4G0S24fIrAF+XwQuXXxgAw==",
      "license": "MIT"
    }
  }
}
